
Microsoft Visual Studio Solution File, Format Version 12.00
# Visual Studio Version 17
VisualStudioVersion = 17.5.33414.496
MinimumVisualStudioVersion = 10.0.40219.1
Project("{FAE04EC0-301F-11D3-BF4B-00C04F79EFBC}") = "InsertionSortVisualizer(MP01)", "InsertionSortVisualizer(MP01)\InsertionSortVisualizer(MP01).csproj", "{A395E2A3-93C7-42B8-844A-730BAD432544}"
EndProject
Global
	GlobalSection(SolutionConfigurationPlatforms) = preSolution
		Debug|Any CPU = Debug|Any CPU
		Release|Any CPU = Release|Any CPU
	EndGlobalSection
	GlobalSection(ProjectConfigurationPlatforms) = postSolution
		{A395E2A3-93C7-42B8-844A-730BAD432544}.Debug|Any CPU.ActiveCfg = Debug|Any CPU
		{A395E2A3-93C7-42B8-844A-730BAD432544}.Debug|Any CPU.Build.0 = Debug|Any CPU
		{A395E2A3-93C7-42B8-844A-730BAD432544}.Release|Any CPU.ActiveCfg = Release|Any CPU
		{A395E2A3-93C7-42B8-844A-730BAD432544}.Release|Any CPU.Build.0 = Release|Any CPU
	EndGlobalSection
	GlobalSection(SolutionProperties) = preSolution
		HideSolutionNode = FALSE
	EndGlobalSection
	GlobalSection(ExtensibilityGlobals) = postSolution
		SolutionGuid = {DEEB7F14-2BDC-4FB0-8D14-5F9D1BF40658}
	EndGlobalSection
EndGlobal
